Microsoft Visual Studio Solution File, Format Version 12.00
# Visual Studio 15
VisualStudioVersion = 15.0.27130.2003
MinimumVisualStudioVersion = 10.0.40219.1
Project("{8BC9CEB8-8B4A-11D0-8D11-00A0C91BC942}") = "WAV2CSV", "WAV2CSV\WAV2CSV.vcxproj", "{36316723-7F83-4918-90E6-62E28916C582}"
	ProjectSection(ProjectDependencies) = postProject
		{87CFB814-D135-355D-A2D6-1FF87D5657FB} = {87CFB814-D135-355D-A2D6-1FF87D5657FB}
	EndProjectSection
EndProject
Project("{8BC9CEB8-8B4A-11D0-8D11-00A0C91BC942}") = "GetMic", "GetMic\GetMic.vcxproj", "{03605FE2-C229-4E7D-B0E4-AAF318953DDC}"
	ProjectSection(ProjectDependencies) = postProject
		{87CFB814-D135-355D-A2D6-1FF87D5657FB} = {87CFB814-D135-355D-A2D6-1FF87D5657FB}
		{DE2971AB-702B-3FAE-AEAE-DB243D9E57AA} = {DE2971AB-702B-3FAE-AEAE-DB243D9E57AA}
	EndProjectSection
EndProject
Project("{8BC9CEB8-8B4A-11D0-8D11-00A0C91BC942}") = "fftw3", "fftw\vs\fftw3.vcxproj", "{87CFB814-D135-355D-A2D6-1FF87D5657FB}"
EndProject
Project("{8BC9CEB8-8B4A-11D0-8D11-00A0C91BC942}") = "portaudio", "portaudio\vs\portaudio.vcxproj", "{DE2971AB-702B-3FAE-AEAE-DB243D9E57AA}"
EndProject
Global
	GlobalSection(SolutionConfigurationPlatforms) = preSolution
		Debug|x64 = Debug|x64
		Debug|x86 = Debug|x86
		Release|x64 = Release|x64
		Release|x86 = Release|x86
	EndGlobalSection
	GlobalSection(ProjectConfigurationPlatforms) = postSolution
		{36316723-7F83-4918-90E6-62E28916C582}.Debug|x64.ActiveCfg = Debug|x64
		{36316723-7F83-4918-90E6-62E28916C582}.Debug|x64.Build.0 = Debug|x64
		{36316723-7F83-4918-90E6-62E28916C582}.Debug|x86.ActiveCfg = Debug|x64
		{36316723-7F83-4918-90E6-62E28916C582}.Debug|x86.Build.0 = Debug|x64
		{36316723-7F83-4918-90E6-62E28916C582}.Release|x64.ActiveCfg = Release|x64
		{36316723-7F83-4918-90E6-62E28916C582}.Release|x64.Build.0 = Release|x64
		{36316723-7F83-4918-90E6-62E28916C582}.Release|x86.ActiveCfg = Release|x64
		{36316723-7F83-4918-90E6-62E28916C582}.Release|x86.Build.0 = Release|x64
		{03605FE2-C229-4E7D-B0E4-AAF318953DDC}.Debug|x64.ActiveCfg = Debug|x64
		{03605FE2-C229-4E7D-B0E4-AAF318953DDC}.Debug|x64.Build.0 = Debug|x64
		{03605FE2-C229-4E7D-B0E4-AAF318953DDC}.Debug|x86.ActiveCfg = Debug|x64
		{03605FE2-C229-4E7D-B0E4-AAF318953DDC}.Debug|x86.Build.0 = Debug|x64
		{03605FE2-C229-4E7D-B0E4-AAF318953DDC}.Debug|x86.Deploy.0 = Debug|x64
		{03605FE2-C229-4E7D-B0E4-AAF318953DDC}.Release|x64.ActiveCfg = Release|x64
		{03605FE2-C229-4E7D-B0E4-AAF318953DDC}.Release|x64.Build.0 = Release|x64
		{03605FE2-C229-4E7D-B0E4-AAF318953DDC}.Release|x86.ActiveCfg = Release|x64
		{03605FE2-C229-4E7D-B0E4-AAF318953DDC}.Release|x86.Build.0 = Release|x64
		{03605FE2-C229-4E7D-B0E4-AAF318953DDC}.Release|x86.Deploy.0 = Release|x64
		{87CFB814-D135-355D-A2D6-1FF87D5657FB}.Debug|x64.ActiveCfg = Debug|x64
		{87CFB814-D135-355D-A2D6-1FF87D5657FB}.Debug|x64.Build.0 = Debug|x64
		{87CFB814-D135-355D-A2D6-1FF87D5657FB}.Debug|x86.ActiveCfg = Debug|x64
		{87CFB814-D135-355D-A2D6-1FF87D5657FB}.Release|x64.ActiveCfg = Release|x64
		{87CFB814-D135-355D-A2D6-1FF87D5657FB}.Release|x64.Build.0 = Release|x64
		{87CFB814-D135-355D-A2D6-1FF87D5657FB}.Release|x86.ActiveCfg = Release|x64
		{DE2971AB-702B-3FAE-AEAE-DB243D9E57AA}.Debug|x64.ActiveCfg = Debug|x64
		{DE2971AB-702B-3FAE-AEAE-DB243D9E57AA}.Debug|x64.Build.0 = Debug|x64
		{DE2971AB-702B-3FAE-AEAE-DB243D9E57AA}.Debug|x86.ActiveCfg = Debug|x64
		{DE2971AB-702B-3FAE-AEAE-DB243D9E57AA}.Release|x64.ActiveCfg = Release|x64
		{DE2971AB-702B-3FAE-AEAE-DB243D9E57AA}.Release|x64.Build.0 = Release|x64
		{DE2971AB-702B-3FAE-AEAE-DB243D9E57AA}.Release|x86.ActiveCfg = Release|x64
	EndGlobalSection
	GlobalSection(SolutionProperties) = preSolution
		HideSolutionNode = FALSE
	EndGlobalSection
	GlobalSection(ExtensibilityGlobals) = postSolution
		SolutionGuid = {029D53C0-089D-4065-B6AD-36EB455336E5}
	EndGlobalSection
	GlobalSection(Performance) = preSolution
		HasPerformanceSessions = true
	EndGlobalSection
	GlobalSection(Performance) = preSolution
		HasPerformanceSessions = true
	EndGlobalSection
	GlobalSection(Performance) = preSolution
		HasPerformanceSessions = true
	EndGlobalSection
EndGlobal
