<?xml version="1.0" encoding="UTF-8"?>
<Project ToolsVersion="15.0" xmlns="http://schemas.microsoft.com/developer/msbuild/2003">
  <ItemGroup>
    <ClCompile Include="E:\Workspace\c++\WAV2CSV\portaudio\src\common\pa_allocation.c">
      <Filter>common</Filter>
    </ClCompile>
    <ClCompile Include="E:\Workspace\c++\WAV2CSV\portaudio\src\common\pa_converters.c">
      <Filter>common</Filter>
    </ClCompile>
    <ClCompile Include="E:\Workspace\c++\WAV2CSV\portaudio\src\common\pa_cpuload.c">
      <Filter>common</Filter>
    </ClCompile>
    <ClCompile Include="E:\Workspace\c++\WAV2CSV\portaudio\src\common\pa_debugprint.c">
      <Filter>common</Filter>
    </ClCompile>
    <ClCompile Include="E:\Workspace\c++\WAV2CSV\portaudio\src\common\pa_dither.c">
      <Filter>common</Filter>
    </ClCompile>
    <ClCompile Include="E:\Workspace\c++\WAV2CSV\portaudio\src\common\pa_front.c">
      <Filter>common</Filter>
    </ClCompile>
    <ClCompile Include="E:\Workspace\c++\WAV2CSV\portaudio\src\common\pa_process.c">
      <Filter>common</Filter>
    </ClCompile>
    <ClCompile Include="E:\Workspace\c++\WAV2CSV\portaudio\src\common\pa_ringbuffer.c">
      <Filter>common</Filter>
    </ClCompile>
    <ClCompile Include="E:\Workspace\c++\WAV2CSV\portaudio\src\common\pa_stream.c">
      <Filter>common</Filter>
    </ClCompile>
    <ClCompile Include="E:\Workspace\c++\WAV2CSV\portaudio\src\common\pa_trace.c">
      <Filter>common</Filter>
    </ClCompile>
    <ClCompile Include="E:\Workspace\c++\WAV2CSV\portaudio\src\hostapi\skeleton\pa_hostapi_skeleton.c">
      <Filter>hostapi\skeleton</Filter>
    </ClCompile>
    <ClCompile Include="E:\Workspace\c++\WAV2CSV\portaudio\src\os\win\pa_win_hostapis.c">
      <Filter>os\win</Filter>
    </ClCompile>
    <ClCompile Include="E:\Workspace\c++\WAV2CSV\portaudio\src\os\win\pa_win_util.c">
      <Filter>os\win</Filter>
    </ClCompile>
    <ClCompile Include="E:\Workspace\c++\WAV2CSV\portaudio\src\os\win\pa_win_waveformat.c">
      <Filter>os\win</Filter>
    </ClCompile>
    <ClCompile Include="E:\Workspace\c++\WAV2CSV\portaudio\src\os\win\pa_win_wdmks_utils.c">
      <Filter>os\win</Filter>
    </ClCompile>
    <ClCompile Include="E:\Workspace\c++\WAV2CSV\portaudio\src\os\win\pa_win_coinitialize.c">
      <Filter>os\win</Filter>
    </ClCompile>
    <ClCompile Include="E:\Workspace\c++\WAV2CSV\portaudio\src\os\win\pa_x86_plain_converters.c">
      <Filter>os\win</Filter>
    </ClCompile>
    <ClCompile Include="E:\Workspace\c++\WAV2CSV\portaudio\src\hostapi\wmme\pa_win_wmme.c">
      <Filter>hostapi\wmme</Filter>
    </ClCompile>
    <ClCompile Include="E:\Workspace\c++\WAV2CSV\portaudio\src\hostapi\wdmks\pa_win_wdmks.c">
      <Filter>hostapi\wdmks</Filter>
    </ClCompile>
  </ItemGroup>
  <ItemGroup>
    <ClInclude Include="E:\Workspace\c++\WAV2CSV\portaudio\src\os\win\pa_win_coinitialize.h">
      <Filter>os\win</Filter>
    </ClInclude>
    <ClInclude Include="E:\Workspace\c++\WAV2CSV\portaudio\src\os\win\pa_win_wdmks_utils.h">
      <Filter>os\win</Filter>
    </ClInclude>
    <ClInclude Include="E:\Workspace\c++\WAV2CSV\portaudio\src\os\win\pa_x86_plain_converters.h">
      <Filter>os\win</Filter>
    </ClInclude>
    <ClInclude Include="E:\Workspace\c++\WAV2CSV\portaudio\vs\options_cmake.h">
      <Filter>cmake_generated</Filter>
    </ClInclude>
    <ClInclude Include="E:\Workspace\c++\WAV2CSV\portaudio\include\portaudio.h">
      <Filter>include</Filter>
    </ClInclude>
    <ClInclude Include="E:\Workspace\c++\WAV2CSV\portaudio\include\pa_win_wmme.h">
      <Filter>include</Filter>
    </ClInclude>
    <ClInclude Include="E:\Workspace\c++\WAV2CSV\portaudio\include\pa_win_wdmks.h">
      <Filter>include</Filter>
    </ClInclude>
    <ClInclude Include="E:\Workspace\c++\WAV2CSV\portaudio\src\common\pa_allocation.h">
      <Filter>common</Filter>
    </ClInclude>
    <ClInclude Include="E:\Workspace\c++\WAV2CSV\portaudio\src\common\pa_converters.h">
      <Filter>common</Filter>
    </ClInclude>
    <ClInclude Include="E:\Workspace\c++\WAV2CSV\portaudio\src\common\pa_cpuload.h">
      <Filter>common</Filter>
    </ClInclude>
    <ClInclude Include="E:\Workspace\c++\WAV2CSV\portaudio\src\common\pa_debugprint.h">
      <Filter>common</Filter>
    </ClInclude>
    <ClInclude Include="E:\Workspace\c++\WAV2CSV\portaudio\src\common\pa_dither.h">
      <Filter>common</Filter>
    </ClInclude>
    <ClInclude Include="E:\Workspace\c++\WAV2CSV\portaudio\src\common\pa_endianness.h">
      <Filter>common</Filter>
    </ClInclude>
    <ClInclude Include="E:\Workspace\c++\WAV2CSV\portaudio\src\common\pa_hostapi.h">
      <Filter>common</Filter>
    </ClInclude>
    <ClInclude Include="E:\Workspace\c++\WAV2CSV\portaudio\src\common\pa_memorybarrier.h">
      <Filter>common</Filter>
    </ClInclude>
    <ClInclude Include="E:\Workspace\c++\WAV2CSV\portaudio\src\common\pa_process.h">
      <Filter>common</Filter>
    </ClInclude>
    <ClInclude Include="E:\Workspace\c++\WAV2CSV\portaudio\src\common\pa_ringbuffer.h">
      <Filter>common</Filter>
    </ClInclude>
    <ClInclude Include="E:\Workspace\c++\WAV2CSV\portaudio\src\common\pa_stream.h">
      <Filter>common</Filter>
    </ClInclude>
    <ClInclude Include="E:\Workspace\c++\WAV2CSV\portaudio\src\common\pa_trace.h">
      <Filter>common</Filter>
    </ClInclude>
    <ClInclude Include="E:\Workspace\c++\WAV2CSV\portaudio\src\common\pa_types.h">
      <Filter>common</Filter>
    </ClInclude>
    <ClInclude Include="E:\Workspace\c++\WAV2CSV\portaudio\src\common\pa_util.h">
      <Filter>common</Filter>
    </ClInclude>
  </ItemGroup>
  <ItemGroup>
    <CustomBuild Include="E:\Workspace\c++\WAV2CSV\portaudio\CMakeLists.txt" />
  </ItemGroup>
  <ItemGroup>
    <Filter Include="os\win">
      <UniqueIdentifier>{BCE83D87-0C57-3286-93DE-F39C9F5F4562}</UniqueIdentifier>
    </Filter>
    <Filter Include="hostapi\skeleton">
      <UniqueIdentifier>{C321A147-BF1B-3F7D-926F-AC991BFF6A13}</UniqueIdentifier>
    </Filter>
    <Filter Include="hostapi\wmme">
      <UniqueIdentifier>{D600507B-BA50-360A-B394-CAD4C1C68EBC}</UniqueIdentifier>
    </Filter>
    <Filter Include="hostapi\wdmks">
      <UniqueIdentifier>{9CBB8765-7B45-3676-B572-5EC2FA670E7B}</UniqueIdentifier>
    </Filter>
    <Filter Include="common">
      <UniqueIdentifier>{9AE3BF11-B3D0-37D9-9BF8-BC5E59E955A8}</UniqueIdentifier>
    </Filter>
    <Filter Include="hostapi">
      <UniqueIdentifier>{C5157217-7925-3104-BE68-0992B5C1ED2B}</UniqueIdentifier>
    </Filter>
    <Filter Include="os">
      <UniqueIdentifier>{7B947AEA-0150-39E8-9551-96CB82800355}</UniqueIdentifier>
    </Filter>
    <Filter Include="cmake_generated">
      <UniqueIdentifier>{E9FCB4C6-98C1-3C5F-A238-E2EC0021D143}</UniqueIdentifier>
    </Filter>
    <Filter Include="include">
      <UniqueIdentifier>{2818E54F-8ECB-3865-9299-9590D81ACECA}</UniqueIdentifier>
    </Filter>
  </ItemGroup>
</Project>
