<?xml version="1.0" encoding="UTF-8"?>
<Project ToolsVersion="15.0" xmlns="http://schemas.microsoft.com/developer/msbuild/2003">
  <ItemGroup>
    <CustomBuild Include="E:\Workspace\c++\WAV2CSV\portaudio\vs\CMakeFiles\bc057b83cd20d08e01ab16e6021f14cd\generate.stamp.rule">
      <Filter>CMake Rules</Filter>
    </CustomBuild>
  </ItemGroup>
  <ItemGroup>
    <Filter Include="CMake Rules">
      <UniqueIdentifier>{DAB6FF33-E1D1-3877-B696-1069109C500B}</UniqueIdentifier>
    </Filter>
  </ItemGroup>
</Project>
